
Microsoft Visual Studio Solution File, Format Version 12.00
# Visual Studio 15
VisualStudioVersion = 15.0.28307.1209
MinimumVisualStudioVersion = 10.0.40219.1
Project("{8BC9CEB8-8B4A-11D0-8D11-00A0C91BC942}") = "HashMap_Open_Ad", "HashMap\HashMap.vcxproj", "{E6408B4E-3CED-471E-AC6F-8F4F5B6B5051}"
EndProject
Project("{8BC9CEB8-8B4A-11D0-8D11-00A0C91BC942}") = "Hash_Insert", "Hash_Insert\Hash_Insert.vcxproj", "{16487124-B076-4555-A7E0-761D9488B739}"
EndProject
Project("{8BC9CEB8-8B4A-11D0-8D11-00A0C91BC942}") = "Hash_Delete", "Hash_Delete\Hash_Delete.vcxproj", "{34B6810C-3508-4D95-A296-16FB0DD9C881}"
EndProject
Global
	GlobalSection(SolutionConfigurationPlatforms) = preSolution
		Debug|x64 = Debug|x64
		Debug|x86 = Debug|x86
		Release|x64 = Release|x64
		Release|x86 = Release|x86
	EndGlobalSection
	GlobalSection(ProjectConfigurationPlatforms) = postSolution
		{E6408B4E-3CED-471E-AC6F-8F4F5B6B5051}.Debug|x64.ActiveCfg = Debug|x64
		{E6408B4E-3CED-471E-AC6F-8F4F5B6B5051}.Debug|x64.Build.0 = Debug|x64
		{E6408B4E-3CED-471E-AC6F-8F4F5B6B5051}.Debug|x86.ActiveCfg = Debug|Win32
		{E6408B4E-3CED-471E-AC6F-8F4F5B6B5051}.Debug|x86.Build.0 = Debug|Win32
		{E6408B4E-3CED-471E-AC6F-8F4F5B6B5051}.Release|x64.ActiveCfg = Release|x64
		{E6408B4E-3CED-471E-AC6F-8F4F5B6B5051}.Release|x64.Build.0 = Release|x64
		{E6408B4E-3CED-471E-AC6F-8F4F5B6B5051}.Release|x86.ActiveCfg = Release|Win32
		{E6408B4E-3CED-471E-AC6F-8F4F5B6B5051}.Release|x86.Build.0 = Release|Win32
		{16487124-B076-4555-A7E0-761D9488B739}.Debug|x64.ActiveCfg = Debug|x64
		{16487124-B076-4555-A7E0-761D9488B739}.Debug|x64.Build.0 = Debug|x64
		{16487124-B076-4555-A7E0-761D9488B739}.Debug|x86.ActiveCfg = Debug|Win32
		{16487124-B076-4555-A7E0-761D9488B739}.Debug|x86.Build.0 = Debug|Win32
		{16487124-B076-4555-A7E0-761D9488B739}.Release|x64.ActiveCfg = Release|x64
		{16487124-B076-4555-A7E0-761D9488B739}.Release|x64.Build.0 = Release|x64
		{16487124-B076-4555-A7E0-761D9488B739}.Release|x86.ActiveCfg = Release|Win32
		{16487124-B076-4555-A7E0-761D9488B739}.Release|x86.Build.0 = Release|Win32
		{34B6810C-3508-4D95-A296-16FB0DD9C881}.Debug|x64.ActiveCfg = Debug|x64
		{34B6810C-3508-4D95-A296-16FB0DD9C881}.Debug|x64.Build.0 = Debug|x64
		{34B6810C-3508-4D95-A296-16FB0DD9C881}.Debug|x86.ActiveCfg = Debug|Win32
		{34B6810C-3508-4D95-A296-16FB0DD9C881}.Debug|x86.Build.0 = Debug|Win32
		{34B6810C-3508-4D95-A296-16FB0DD9C881}.Release|x64.ActiveCfg = Release|x64
		{34B6810C-3508-4D95-A296-16FB0DD9C881}.Release|x64.Build.0 = Release|x64
		{34B6810C-3508-4D95-A296-16FB0DD9C881}.Release|x86.ActiveCfg = Release|Win32
		{34B6810C-3508-4D95-A296-16FB0DD9C881}.Release|x86.Build.0 = Release|Win32
	EndGlobalSection
	GlobalSection(SolutionProperties) = preSolution
		HideSolutionNode = FALSE
	EndGlobalSection
	GlobalSection(ExtensibilityGlobals) = postSolution
		SolutionGuid = {89874285-6CAE-4A81-BE4F-34F1685F8099}
	EndGlobalSection
EndGlobal
